// !$*UTF8*$!
{
	archiveVersion = 1;
	classes = {
	};
	objectVersion = 46;
	objects = {

/* Begin PBXBuildFile section */
		232137A91E240A1D0009E1CD /* AppDelegate.swift in Sources */ = {isa = PBXBuildFile; fileRef = 232137A81E240A1D0009E1CD /* AppDelegate.swift */; };
		232137AB1E240A1D0009E1CD /* ViewController.swift in Sources */ = {isa = PBXBuildFile; fileRef = 232137AA1E240A1D0009E1CD /* ViewController.swift */; };
		232137AE1E240A1D0009E1CD /* Main.storyboard in Resources */ = {isa = PBXBuildFile; fileRef = 232137AC1E240A1D0009E1CD /* Main.storyboard */; };
		232137B11E240A1D0009E1CD /* SwiftOCRDemo_8_2.xcdatamodeld in Sources */ = {isa = PBXBuildFile; fileRef = 232137AF1E240A1D0009E1CD /* SwiftOCRDemo_8_2.xcdatamodeld */; };
		232137B31E240A1D0009E1CD /* Assets.xcassets in Resources */ = {isa = PBXBuildFile; fileRef = 232137B21E240A1D0009E1CD /* Assets.xcassets */; };
		232137B61E240A1D0009E1CD /* LaunchScreen.storyboard in Resources */ = {isa = PBXBuildFile; fileRef = 232137B41E240A1D0009E1CD /* LaunchScreen.storyboard */; };
		232138161E240D6A0009E1CD /* SwiftOCR.framework in Frameworks */ = {isa = PBXBuildFile; fileRef = 232138051E240D360009E1CD /* SwiftOCR.framework */; };
		232138171E240D6A0009E1CD /* SwiftOCR.framework in Embed Frameworks */ = {isa = PBXBuildFile; fileRef = 232138051E240D360009E1CD /* SwiftOCR.framework */; settings = {ATTRIBUTES = (CodeSignOnCopy, RemoveHeadersOnCopy, ); }; };
		2321381B1E240D8A0009E1CD /* GPUImage.framework in Frameworks */ = {isa = PBXBuildFile; fileRef = 232138151E240D460009E1CD /* GPUImage.framework */; };
		2321381C1E240D8A0009E1CD /* GPUImage.framework in Embed Frameworks */ = {isa = PBXBuildFile; fileRef = 232138151E240D460009E1CD /* GPUImage.framework */; settings = {ATTRIBUTES = (CodeSignOnCopy, RemoveHeadersOnCopy, ); }; };
		232138201E24115B0009E1CD /* imageTest.png in Resources */ = {isa = PBXBuildFile; fileRef = 2321381F1E24115B0009E1CD /* imageTest.png */; };
/* End PBXBuildFile section */

/* Begin PBXContainerItemProxy section */
		232138041E240D360009E1CD /* PBXContainerItemProxy */ = {
			isa = PBXContainerItemProxy;
			containerPortal = 232137FB1E240D360009E1CD /* SwiftOCR.xcodeproj */;
			proxyType = 2;
			remoteGlobalIDString = 373ED0AF1CC9071C00C4758B;
			remoteInfo = SwiftOCR;
		};
		232138061E240D360009E1CD /* PBXContainerItemProxy */ = {
			isa = PBXContainerItemProxy;
			containerPortal = 232137FB1E240D360009E1CD /* SwiftOCR.xcodeproj */;
			proxyType = 2;
			remoteGlobalIDString = 373ED0B91CC9071D00C4758B;
			remoteInfo = SwiftOCRTests;
		};
		232138081E240D360009E1CD /* PBXContainerItemProxy */ = {
			isa = PBXContainerItemProxy;
			containerPortal = 232137FB1E240D360009E1CD /* SwiftOCR.xcodeproj */;
			proxyType = 2;
			remoteGlobalIDString = 373ED0E61CC909A500C4758B;
			remoteInfo = "SwiftOCR Mac";
		};
		2321380A1E240D360009E1CD /* PBXContainerItemProxy */ = {
			isa = PBXContainerItemProxy;
			containerPortal = 232137FB1E240D360009E1CD /* SwiftOCR.xcodeproj */;
			proxyType = 2;
			remoteGlobalIDString = 373ED0EF1CC909A500C4758B;
			remoteInfo = "SwiftOCR MacTests";
		};
		232138121E240D460009E1CD /* PBXContainerItemProxy */ = {
			isa = PBXContainerItemProxy;
			containerPortal = 2321380C1E240D460009E1CD /* GPUImage.xcodeproj */;
			proxyType = 2;
			remoteGlobalIDString = BCF1A33414DDB1EC00852800;
			remoteInfo = GPUImage;
		};
		232138141E240D460009E1CD /* PBXContainerItemProxy */ = {
			isa = PBXContainerItemProxy;
			containerPortal = 2321380C1E240D460009E1CD /* GPUImage.xcodeproj */;
			proxyType = 2;
			remoteGlobalIDString = BCE209E51943F20C002FEED8;
			remoteInfo = GPUImageFramework;
		};
		232138181E240D6A0009E1CD /* PBXContainerItemProxy */ = {
			isa = PBXContainerItemProxy;
			containerPortal = 232137FB1E240D360009E1CD /* SwiftOCR.xcodeproj */;
			proxyType = 1;
			remoteGlobalIDString = 373ED0AE1CC9071C00C4758B;
			remoteInfo = SwiftOCR;
		};
		2321381D1E240D8A0009E1CD /* PBXContainerItemProxy */ = {
			isa = PBXContainerItemProxy;
			containerPortal = 2321380C1E240D460009E1CD /* GPUImage.xcodeproj */;
			proxyType = 1;
			remoteGlobalIDString = BCE209E41943F20C002FEED8;
			remoteInfo = GPUImageFramework;
		};
/* End PBXContainerItemProxy section */

/* Begin PBXCopyFilesBuildPhase section */
		2321381A1E240D6A0009E1CD /* Embed Frameworks */ = {
			isa = PBXCopyFilesBuildPhase;
			buildActionMask = 2147483647;
			dstPath = "";
			dstSubfolderSpec = 10;
			files = (
				232138171E240D6A0009E1CD /* SwiftOCR.framework in Embed Frameworks */,
				2321381C1E240D8A0009E1CD /* GPUImage.framework in Embed Frameworks */,
			);
			name = "Embed Frameworks";
			runOnlyForDeploymentPostprocessing = 0;
		};
/* End PBXCopyFilesBuildPhase section */

/* Begin PBXFileReference section */
		232137A51E240A1D0009E1CD /* SwiftOCRDemo_8.2.app */ = {isa = PBXFileReference; explicitFileType = wrapper.application; includeInIndex = 0; path = SwiftOCRDemo_8.2.app; sourceTree = BUILT_PRODUCTS_DIR; };
		232137A81E240A1D0009E1CD /* AppDelegate.swift */ = {isa = PBXFileReference; lastKnownFileType = sourcecode.swift; path = AppDelegate.swift; sourceTree = "<group>"; };
		232137AA1E240A1D0009E1CD /* ViewController.swift */ = {isa = PBXFileReference; lastKnownFileType = sourcecode.swift; path = ViewController.swift; sourceTree = "<group>"; };
		232137AD1E240A1D0009E1CD /* Base */ = {isa = PBXFileReference; lastKnownFileType = file.storyboard; name = Base; path = Base.lproj/Main.storyboard; sourceTree = "<group>"; };
		232137B01E240A1D0009E1CD /* SwiftOCRDemo_8_2.xcdatamodel */ = {isa = PBXFileReference; lastKnownFileType = wrapper.xcdatamodel; path = SwiftOCRDemo_8_2.xcdatamodel; sourceTree = "<group>"; };
		232137B21E240A1D0009E1CD /* Assets.xcassets */ = {isa = PBXFileReference; lastKnownFileType = folder.assetcatalog; path = Assets.xcassets; sourceTree = "<group>"; };
		232137B51E240A1D0009E1CD /* Base */ = {isa = PBXFileReference; lastKnownFileType = file.storyboard; name = Base; path = Base.lproj/LaunchScreen.storyboard; sourceTree = "<group>"; };
		232137B71E240A1D0009E1CD /* Info.plist */ = {isa = PBXFileReference; lastKnownFileType = text.plist.xml; path = Info.plist; sourceTree = "<group>"; };
		232137FB1E240D360009E1CD /* SwiftOCR.xcodeproj */ = {isa = PBXFileReference; lastKnownFileType = "wrapper.pb-project"; name = SwiftOCR.xcodeproj; path = framework/SwiftOCR.xcodeproj; sourceTree = "<group>"; };
		2321380C1E240D460009E1CD /* GPUImage.xcodeproj */ = {isa = PBXFileReference; lastKnownFileType = "wrapper.pb-project"; name = GPUImage.xcodeproj; path = "framework/SwiftOCR/GPUImage-master/framework/GPUImage.xcodeproj"; sourceTree = "<group>"; };
		2321381F1E24115B0009E1CD /* imageTest.png */ = {isa = PBXFileReference; lastKnownFileType = image.png; path = imageTest.png; sourceTree = "<group>"; };
/* End PBXFileReference section */

/* Begin PBXFrameworksBuildPhase section */
		232137A21E240A1D0009E1CD /* Frameworks */ = {
			isa = PBXFrameworksBuildPhase;
			buildActionMask = 2147483647;
			files = (
				232138161E240D6A0009E1CD /* SwiftOCR.framework in Frameworks */,
				2321381B1E240D8A0009E1CD /* GPUImage.framework in Frameworks */,
			);
			runOnlyForDeploymentPostprocessing = 0;
		};
/* End PBXFrameworksBuildPhase section */

/* Begin PBXGroup section */
		2321379C1E240A1C0009E1CD = {
			isa = PBXGroup;
			children = (
				2321380C1E240D460009E1CD /* GPUImage.xcodeproj */,
				232137FB1E240D360009E1CD /* SwiftOCR.xcodeproj */,
				232137A71E240A1D0009E1CD /* SwiftOCRDemo_8.2 */,
				232137A61E240A1D0009E1CD /* Products */,
			);
			sourceTree = "<group>";
		};
		232137A61E240A1D0009E1CD /* Products */ = {
			isa = PBXGroup;
			children = (
				232137A51E240A1D0009E1CD /* SwiftOCRDemo_8.2.app */,
			);
			name = Products;
			sourceTree = "<group>";
		};
		232137A71E240A1D0009E1CD /* SwiftOCRDemo_8.2 */ = {
			isa = PBXGroup;
			children = (
				2321381F1E24115B0009E1CD /* imageTest.png */,
				232137A81E240A1D0009E1CD /* AppDelegate.swift */,
				232137AA1E240A1D0009E1CD /* ViewController.swift */,
				232137AC1E240A1D0009E1CD /* Main.storyboard */,
				232137B21E240A1D0009E1CD /* Assets.xcassets */,
				232137B41E240A1D0009E1CD /* LaunchScreen.storyboard */,
				232137B71E240A1D0009E1CD /* Info.plist */,
				232137AF1E240A1D0009E1CD /* SwiftOCRDemo_8_2.xcdatamodeld */,
			);
			path = SwiftOCRDemo_8.2;
			sourceTree = "<group>";
		};
		232137FC1E240D360009E1CD /* Products */ = {
			isa = PBXGroup;
			children = (
				232138051E240D360009E1CD /* SwiftOCR.framework */,
				232138071E240D360009E1CD /* SwiftOCRTests.xctest */,
				232138091E240D360009E1CD /* SwiftOCR.framework */,
				2321380B1E240D360009E1CD /* SwiftOCR MacTests.xctest */,
			);
			name = Products;
			sourceTree = "<group>";
		};
		2321380D1E240D460009E1CD /* Products */ = {
			isa = PBXGroup;
			children = (
				232138131E240D460009E1CD /* libGPUImage.a */,
				232138151E240D460009E1CD /* GPUImage.framework */,
			);
			name = Products;
			sourceTree = "<group>";
		};
/* End PBXGroup section */

/* Begin PBXNativeTarget section */
		232137A41E240A1D0009E1CD /* SwiftOCRDemo_8.2 */ = {
			isa = PBXNativeTarget;
			buildConfigurationList = 232137BA1E240A1D0009E1CD /* Build configuration list for PBXNativeTarget "SwiftOCRDemo_8.2" */;
			buildPhases = (
				232137A11E240A1D0009E1CD /* Sources */,
				232137A21E240A1D0009E1CD /* Frameworks */,
				232137A31E240A1D0009E1CD /* Resources */,
				2321381A1E240D6A0009E1CD /* Embed Frameworks */,
			);
			buildRules = (
			);
			dependencies = (
				232138191E240D6A0009E1CD /* PBXTargetDependency */,
				2321381E1E240D8A0009E1CD /* PBXTargetDependency */,
			);
			name = SwiftOCRDemo_8.2;
			productName = SwiftOCRDemo_8.2;
			productReference = 232137A51E240A1D0009E1CD /* SwiftOCRDemo_8.2.app */;
			productType = "com.apple.product-type.application";
		};
/* End PBXNativeTarget section */

/* Begin PBXProject section */
		2321379D1E240A1C0009E1CD /* Project object */ = {
			isa = PBXProject;
			attributes = {
				LastSwiftUpdateCheck = 0820;
				LastUpgradeCheck = 0820;
				ORGANIZATIONNAME = "Saurabh Yadav";
				TargetAttributes = {
					232137A41E240A1D0009E1CD = {
						CreatedOnToolsVersion = 8.2.1;
						ProvisioningStyle = Automatic;
					};
				};
			};
			buildConfigurationList = 232137A01E240A1C0009E1CD /* Build configuration list for PBXProject "SwiftOCRDemo_8.2" */;
			compatibilityVersion = "Xcode 3.2";
			developmentRegion = English;
			hasScannedForEncodings = 0;
			knownRegions = (
				en,
				Base,
			);
			mainGroup = 2321379C1E240A1C0009E1CD;
			productRefGroup = 232137A61E240A1D0009E1CD /* Products */;
			projectDirPath = "";
			projectReferences = (
				{
					ProductGroup = 2321380D1E240D460009E1CD /* Products */;
					ProjectRef = 2321380C1E240D460009E1CD /* GPUImage.xcodeproj */;
				},
				{
					ProductGroup = 232137FC1E240D360009E1CD /* Products */;
					ProjectRef = 232137FB1E240D360009E1CD /* SwiftOCR.xcodeproj */;
				},
			);
			projectRoot = "";
			targets = (
				232137A41E240A1D0009E1CD /* SwiftOCRDemo_8.2 */,
			);
		};
/* End PBXProject section */

/* Begin PBXReferenceProxy section */
		232138051E240D360009E1CD /* SwiftOCR.framework */ = {
			isa = PBXReferenceProxy;
			fileType = wrapper.framework;
			path = SwiftOCR.framework;
			remoteRef = 232138041E240D360009E1CD /* PBXContainerItemProxy */;
			sourceTree = BUILT_PRODUCTS_DIR;
		};
		232138071E240D360009E1CD /* SwiftOCRTests.xctest */ = {
			isa = PBXReferenceProxy;
			fileType = wrapper.cfbundle;
			path = SwiftOCRTests.xctest;
			remoteRef = 232138061E240D360009E1CD /* PBXContainerItemProxy */;
			sourceTree = BUILT_PRODUCTS_DIR;
		};
		232138091E240D360009E1CD /* SwiftOCR.framework */ = {
			isa = PBXReferenceProxy;
			fileType = wrapper.framework;
			path = SwiftOCR.framework;
			remoteRef = 232138081E240D360009E1CD /* PBXContainerItemProxy */;
			sourceTree = BUILT_PRODUCTS_DIR;
		};
		2321380B1E240D360009E1CD /* SwiftOCR MacTests.xctest */ = {
			isa = PBXReferenceProxy;
			fileType = wrapper.cfbundle;
			path = "SwiftOCR MacTests.xctest";
			remoteRef = 2321380A1E240D360009E1CD /* PBXContainerItemProxy */;
			sourceTree = BUILT_PRODUCTS_DIR;
		};
		232138131E240D460009E1CD /* libGPUImage.a */ = {
			isa = PBXReferenceProxy;
			fileType = archive.ar;
			path = libGPUImage.a;
			remoteRef = 232138121E240D460009E1CD /* PBXContainerItemProxy */;
			sourceTree = BUILT_PRODUCTS_DIR;
		};
		232138151E240D460009E1CD /* GPUImage.framework */ = {
			isa = PBXReferenceProxy;
			fileType = wrapper.framework;
			path = GPUImage.framework;
			remoteRef = 232138141E240D460009E1CD /* PBXContainerItemProxy */;
			sourceTree = BUILT_PRODUCTS_DIR;
		};
/* End PBXReferenceProxy section */

/* Begin PBXResourcesBuildPhase section */
		232137A31E240A1D0009E1CD /* Resources */ = {
			isa = PBXResourcesBuildPhase;
			buildActionMask = 2147483647;
			files = (
				232137B61E240A1D0009E1CD /* LaunchScreen.storyboard in Resources */,
				232138201E24115B0009E1CD /* imageTest.png in Resources */,
				232137B31E240A1D0009E1CD /* Assets.xcassets in Resources */,
				232137AE1E240A1D0009E1CD /* Main.storyboard in Resources */,
			);
			runOnlyForDeploymentPostprocessing = 0;
		};
/* End PBXResourcesBuildPhase section */

/* Begin PBXSourcesBuildPhase section */
		232137A11E240A1D0009E1CD /* Sources */ = {
			isa = PBXSourcesBuildPhase;
			buildActionMask = 2147483647;
			files = (
				232137B11E240A1D0009E1CD /* SwiftOCRDemo_8_2.xcdatamodeld in Sources */,
				232137AB1E240A1D0009E1CD /* ViewController.swift in Sources */,
				232137A91E240A1D0009E1CD /* AppDelegate.swift in Sources */,
			);
			runOnlyForDeploymentPostprocessing = 0;
		};
/* End PBXSourcesBuildPhase section */

/* Begin PBXTargetDependency section */
		232138191E240D6A0009E1CD /* PBXTargetDependency */ = {
			isa = PBXTargetDependency;
			name = SwiftOCR;
			targetProxy = 232138181E240D6A0009E1CD /* PBXContainerItemProxy */;
		};
		2321381E1E240D8A0009E1CD /* PBXTargetDependency */ = {
			isa = PBXTargetDependency;
			name = GPUImageFramework;
			targetProxy = 2321381D1E240D8A0009E1CD /* PBXContainerItemProxy */;
		};
/* End PBXTargetDependency section */

/* Begin PBXVariantGroup section */
		232137AC1E240A1D0009E1CD /* Main.storyboard */ = {
			isa = PBXVariantGroup;
			children = (
				232137AD1E240A1D0009E1CD /* Base */,
			);
			name = Main.storyboard;
			sourceTree = "<group>";
		};
		232137B41E240A1D0009E1CD /* LaunchScreen.storyboard */ = {
			isa = PBXVariantGroup;
			children = (
				232137B51E240A1D0009E1CD /* Base */,
			);
			name = LaunchScreen.storyboard;
			sourceTree = "<group>";
		};
/* End PBXVariantGroup section */

/* Begin XCBuildConfiguration section */
		232137B81E240A1D0009E1CD /* Debug */ = {
			isa = XCBuildConfiguration;
			buildSettings = {
				ALWAYS_SEARCH_USER_PATHS = NO;
				CLANG_ANALYZER_NONNULL = YES;
				CLANG_CXX_LANGUAGE_STANDARD = "gnu++0x";
				CLANG_CXX_LIBRARY = "libc++";
				CLANG_ENABLE_MODULES = YES;
				CLANG_ENABLE_OBJC_ARC = YES;
				CLANG_WARN_BOOL_CONVERSION = YES;
				CLANG_WARN_CONSTANT_CONVERSION = YES;
				CLANG_WARN_DIRECT_OBJC_ISA_USAGE = YES_ERROR;
				CLANG_WARN_DOCUMENTATION_COMMENTS = YES;
				CLANG_WARN_EMPTY_BODY = YES;
				CLANG_WARN_ENUM_CONVERSION = YES;
				CLANG_WARN_INFINITE_RECURSION = YES;
				CLANG_WARN_INT_CONVERSION = YES;
				CLANG_WARN_OBJC_ROOT_CLASS = YES_ERROR;
				CLANG_WARN_SUSPICIOUS_MOVE = YES;
				CLANG_WARN_UNREACHABLE_CODE = YES;
				CLANG_WARN__DUPLICATE_METHOD_MATCH = YES;
				"CODE_SIGN_IDENTITY[sdk=iphoneos*]" = "iPhone Developer";
				COPY_PHASE_STRIP = NO;
				DEBUG_INFORMATION_FORMAT = dwarf;
				ENABLE_STRICT_OBJC_MSGSEND = YES;
				ENABLE_TESTABILITY = YES;
				GCC_C_LANGUAGE_STANDARD = gnu99;
				GCC_DYNAMIC_NO_PIC = NO;
				GCC_NO_COMMON_BLOCKS = YES;
				GCC_OPTIMIZATION_LEVEL = 0;
				GCC_PREPROCESSOR_DEFINITIONS = (
					"DEBUG=1",
					"$(inherited)",
				);
				GCC_WARN_64_TO_32_BIT_CONVERSION = YES;
				GCC_WARN_ABOUT_RETURN_TYPE = YES_ERROR;
				GCC_WARN_UNDECLARED_SELECTOR = YES;
				GCC_WARN_UNINITIALIZED_AUTOS = YES_AGGRESSIVE;
				GCC_WARN_UNUSED_FUNCTION = YES;
				GCC_WARN_UNUSED_VARIABLE = YES;
				IPHONEOS_DEPLOYMENT_TARGET = 10.2;
				MTL_ENABLE_DEBUG_INFO = YES;
				ONLY_ACTIVE_ARCH = YES;
				SDKROOT = iphoneos;
				SWIFT_ACTIVE_COMPILATION_CONDITIONS = DEBUG;
				SWIFT_OPTIMIZATION_LEVEL = "-Onone";
			};
			name = Debug;
		};
		232137B91E240A1D0009E1CD /* Release */ = {
			isa = XCBuildConfiguration;
			buildSettings = {
				ALWAYS_SEARCH_USER_PATHS = NO;
				CLANG_ANALYZER_NONNULL = YES;
				CLANG_CXX_LANGUAGE_STANDARD = "gnu++0x";
				CLANG_CXX_LIBRARY = "libc++";
				CLANG_ENABLE_MODULES = YES;
				CLANG_ENABLE_OBJC_ARC = YES;
				CLANG_WARN_BOOL_CONVERSION = YES;
				CLANG_WARN_CONSTANT_CONVERSION = YES;
				CLANG_WARN_DIRECT_OBJC_ISA_USAGE = YES_ERROR;
				CLANG_WARN_DOCUMENTATION_COMMENTS = YES;
				CLANG_WARN_EMPTY_BODY = YES;
				CLANG_WARN_ENUM_CONVERSION = YES;
				CLANG_WARN_INFINITE_RECURSION = YES;
				CLANG_WARN_INT_CONVERSION = YES;
				CLANG_WARN_OBJC_ROOT_CLASS = YES_ERROR;
				CLANG_WARN_SUSPICIOUS_MOVE = YES;
				CLANG_WARN_UNREACHABLE_CODE = YES;
				CLANG_WARN__DUPLICATE_METHOD_MATCH = YES;
				"CODE_SIGN_IDENTITY[sdk=iphoneos*]" = "iPhone Developer";
				COPY_PHASE_STRIP = NO;
				DEBUG_INFORMATION_FORMAT = "dwarf-with-dsym";
				ENABLE_NS_ASSERTIONS = NO;
				ENABLE_STRICT_OBJC_MSGSEND = YES;
				GCC_C_LANGUAGE_STANDARD = gnu99;
				GCC_NO_COMMON_BLOCKS = YES;
				GCC_WARN_64_TO_32_BIT_CONVERSION = YES;
				GCC_WARN_ABOUT_RETURN_TYPE = YES_ERROR;
				GCC_WARN_UNDECLARED_SELECTOR = YES;
				GCC_WARN_UNINITIALIZED_AUTOS = YES_AGGRESSIVE;
				GCC_WARN_UNUSED_FUNCTION = YES;
				GCC_WARN_UNUSED_VARIABLE = YES;
				IPHONEOS_DEPLOYMENT_TARGET = 10.2;
				MTL_ENABLE_DEBUG_INFO = NO;
				SDKROOT = iphoneos;
				SWIFT_OPTIMIZATION_LEVEL = "-Owholemodule";
				VALIDATE_PRODUCT = YES;
			};
			name = Release;
		};
		232137BB1E240A1D0009E1CD /* Debug */ = {
			isa = XCBuildConfiguration;
			buildSettings = {
				ALWAYS_EMBED_SWIFT_STANDARD_LIBRARIES = YES;
				ASSETCATALOG_COMPILER_APPICON_NAME = AppIcon;
				INFOPLIST_FILE = SwiftOCRDemo_8.2/Info.plist;
				LD_RUNPATH_SEARCH_PATHS = "$(inherited) @executable_path/Frameworks";
				PRODUCT_BUNDLE_IDENTIFIER = "com.saurabh.SwiftOCRDemo-8-2";
				PRODUCT_NAME = "$(TARGET_NAME)";
				SWIFT_VERSION = 3.0;
			};
			name = Debug;
		};
		232137BC1E240A1D0009E1CD /* Release */ = {
			isa = XCBuildConfiguration;
			buildSettings = {
				ALWAYS_EMBED_SWIFT_STANDARD_LIBRARIES = YES;
				ASSETCATALOG_COMPILER_APPICON_NAME = AppIcon;
				INFOPLIST_FILE = SwiftOCRDemo_8.2/Info.plist;
				LD_RUNPATH_SEARCH_PATHS = "$(inherited) @executable_path/Frameworks";
				PRODUCT_BUNDLE_IDENTIFIER = "com.saurabh.SwiftOCRDemo-8-2";
				PRODUCT_NAME = "$(TARGET_NAME)";
				SWIFT_VERSION = 3.0;
			};
			name = Release;
		};
/* End XCBuildConfiguration section */

/* Begin XCConfigurationList section */
		232137A01E240A1C0009E1CD /* Build configuration list for PBXProject "SwiftOCRDemo_8.2" */ = {
			isa = XCConfigurationList;
			buildConfigurations = (
				232137B81E240A1D0009E1CD /* Debug */,
				232137B91E240A1D0009E1CD /* Release */,
			);
			defaultConfigurationIsVisible = 0;
			defaultConfigurationName = Release;
		};
		232137BA1E240A1D0009E1CD /* Build configuration list for PBXNativeTarget "SwiftOCRDemo_8.2" */ = {
			isa = XCConfigurationList;
			buildConfigurations = (
				232137BB1E240A1D0009E1CD /* Debug */,
				232137BC1E240A1D0009E1CD /* Release */,
			);
			defaultConfigurationIsVisible = 0;
		};
/* End XCConfigurationList section */

/* Begin XCVersionGroup section */
		232137AF1E240A1D0009E1CD /* SwiftOCRDemo_8_2.xcdatamodeld */ = {
			isa = XCVersionGroup;
			children = (
				232137B01E240A1D0009E1CD /* SwiftOCRDemo_8_2.xcdatamodel */,
			);
			currentVersion = 232137B01E240A1D0009E1CD /* SwiftOCRDemo_8_2.xcdatamodel */;
			path = SwiftOCRDemo_8_2.xcdatamodeld;
			sourceTree = "<group>";
			versionGroupType = wrapper.xcdatamodel;
		};
/* End XCVersionGroup section */
	};
	rootObject = 2321379D1E240A1C0009E1CD /* Project object */;
}
